PODS:
  - AraSegmentedView (0.1.0)

DEPENDENCIES:
  - AraSegmentedView (from `../`)

EXTERNAL SOURCES:
  AraSegmentedView:
    :path: "../"

SPEC CHECKSUMS:
  AraSegmentedView: 22fc20a51eb14d1f11f32effef44babfc5c69502

PODFILE CHECKSUM: 969b6b236a6983cbd765ab4fb31eb69702ff5cff

COCOAPODS: 1.7.0.beta.3
